<?xml version="1.0" encoding="utf-8"?>
<Project ToolsVersion="4.0" xmlns="http://schemas.microsoft.com/developer/msbuild/2003">
  <ItemGroup>
    <Filter Include="Acrylic">
      <UniqueIdentifier>{4CDD8A7E-B8BC-091A-C1D4-94F02D33707B}</UniqueIdentifier>
    </Filter>
    <Filter Include="Acrylic\Runtime">
      <UniqueIdentifier>{7F763A8C-EB01-A850-F412-2B45601D0451}</UniqueIdentifier>
    </Filter>
    <Filter Include="Acrylic\Runtime\Core">
      <UniqueIdentifier>{3782ECAC-2311-7676-CC2F-8A71B89D861C}</UniqueIdentifier>
    </Filter>
    <Filter Include="Acrylic\Runtime\Core\Logging">
      <UniqueIdentifier>{CDA9D955-B964-C901-621C-424C4EB61392}</UniqueIdentifier>
    </Filter>
    <Filter Include="Acrylic\Runtime\Core\Logging\Private">
      <UniqueIdentifier>{B7BDFC0C-A3A4-BE04-4CF5-242238BB376B}</UniqueIdentifier>
    </Filter>
    <Filter Include="Acrylic\Runtime\Core\Misc">
      <UniqueIdentifier>{5203D862-BEC5-0BED-0776-9A797377E4CA}</UniqueIdentifier>
    </Filter>
    <Filter Include="Acrylic\Runtime\Core\Private">
      <UniqueIdentifier>{2160EE90-0D1B-DE3C-B6D2-5687A26C28CD}</UniqueIdentifier>
    </Filter>
  </ItemGroup>
  <ItemGroup>
    <ClInclude Include="src\Acrylic.h" />
    <ClInclude Include="src\Acrylic\Runtime\Core\Application.h">
      <Filter>Acrylic\Runtime\Core</Filter>
    </ClInclude>
    <ClInclude Include="src\Acrylic\Runtime\Core\Core.h">
      <Filter>Acrylic\Runtime\Core</Filter>
    </ClInclude>
    <ClInclude Include="src\Acrylic\Runtime\Core\Globals.h">
      <Filter>Acrylic\Runtime\Core</Filter>
    </ClInclude>
    <ClInclude Include="src\Acrylic\Runtime\Core\Logging\Logging.h">
      <Filter>Acrylic\Runtime\Core\Logging</Filter>
    </ClInclude>
    <ClInclude Include="src\Acrylic\Runtime\Core\Logging\Private\LogCategory.h">
      <Filter>Acrylic\Runtime\Core\Logging\Private</Filter>
    </ClInclude>
    <ClInclude Include="src\Acrylic\Runtime\Core\Logging\Private\LogMacros.h">
      <Filter>Acrylic\Runtime\Core\Logging\Private</Filter>
    </ClInclude>
    <ClInclude Include="src\Acrylic\Runtime\Core\Logging\Private\LogVerbosity.h">
      <Filter>Acrylic\Runtime\Core\Logging\Private</Filter>
    </ClInclude>
    <ClInclude Include="src\Acrylic\Runtime\Core\Logging\Private\StructuredLog.h">
      <Filter>Acrylic\Runtime\Core\Logging\Private</Filter>
    </ClInclude>
    <ClInclude Include="src\Acrylic\Runtime\Core\Misc\EnumClassFlags.h">
      <Filter>Acrylic\Runtime\Core\Misc</Filter>
    </ClInclude>
    <ClInclude Include="src\Acrylic\Runtime\Core\Misc\ScopeExit.h">
      <Filter>Acrylic\Runtime\Core\Misc</Filter>
    </ClInclude>
    <ClInclude Include="src\Acrylic\Runtime\Core\PreprocessorHelpers.h">
      <Filter>Acrylic\Runtime\Core</Filter>
    </ClInclude>
    <ClInclude Include="src\Acrylic\Runtime\Core\Private\CoreDefines.h">
      <Filter>Acrylic\Runtime\Core\Private</Filter>
    </ClInclude>
    <ClInclude Include="src\Acrylic\Runtime\Core\Private\CoreIncludes.h">
      <Filter>Acrylic\Runtime\Core\Private</Filter>
    </ClInclude>
    <ClInclude Include="src\Acrylic\Runtime\Entrypoint.h">
      <Filter>Acrylic\Runtime</Filter>
    </ClInclude>
  </ItemGroup>
  <ItemGroup>
    <ClCompile Include="src\Acrylic\Runtime\Core\Application.cpp">
      <Filter>Acrylic\Runtime\Core</Filter>
    </ClCompile>
    <ClCompile Include="src\Acrylic\Runtime\Core\Logging\Private\LogCategory.cpp">
      <Filter>Acrylic\Runtime\Core\Logging\Private</Filter>
    </ClCompile>
    <ClCompile Include="src\Acrylic\Runtime\Core\Logging\Private\StructuredLog.cpp">
      <Filter>Acrylic\Runtime\Core\Logging\Private</Filter>
    </ClCompile>
  </ItemGroup>
</Project>